// !$*UTF8*$!
{
	archiveVersion = 1;
	classes = {
	};
	objectVersion = 56;
	objects = {

/* Begin PBXBuildFile section */
		8A5ED04A29E0193B009AB497 /* SetGameApp.swift in Sources */ = {isa = PBXBuildFile; fileRef = 8A5ED04929E0193B009AB497 /* SetGameApp.swift */; };
		8A5ED04C29E0193B009AB497 /* SetGameDeskView.swift in Sources */ = {isa = PBXBuildFile; fileRef = 8A5ED04B29E0193B009AB497 /* SetGameDeskView.swift */; };
		8A5ED04E29E0193C009AB497 /* Assets.xcassets in Resources */ = {isa = PBXBuildFile; fileRef = 8A5ED04D29E0193C009AB497 /* Assets.xcassets */; };
		8A5ED05129E0193C009AB497 /* Preview Assets.xcassets in Resources */ = {isa = PBXBuildFile; fileRef = 8A5ED05029E0193C009AB497 /* Preview Assets.xcassets */; };
		8A5ED05B29E0193C009AB497 /* DeckTests.swift in Sources */ = {isa = PBXBuildFile; fileRef = 8A5ED05A29E0193C009AB497 /* DeckTests.swift */; };
		8A5ED06529E0193C009AB497 /* SetGameUITests.swift in Sources */ = {isa = PBXBuildFile; fileRef = 8A5ED06429E0193C009AB497 /* SetGameUITests.swift */; };
		8A5ED06729E0193C009AB497 /* SetGameUITestsLaunchTests.swift in Sources */ = {isa = PBXBuildFile; fileRef = 8A5ED06629E0193C009AB497 /* SetGameUITestsLaunchTests.swift */; };
		8A5ED07529E01A71009AB497 /* Optional+Extensions.swift in Sources */ = {isa = PBXBuildFile; fileRef = 8A5ED07429E01A71009AB497 /* Optional+Extensions.swift */; };
		8A5ED07829E01B65009AB497 /* ComposableArchitecture in Frameworks */ = {isa = PBXBuildFile; productRef = 8A5ED07729E01B65009AB497 /* ComposableArchitecture */; };
		8A5ED07B29E01C7B009AB497 /* Deck.swift in Sources */ = {isa = PBXBuildFile; fileRef = 8A5ED07A29E01C7B009AB497 /* Deck.swift */; };
		8A5ED07D29E01D6F009AB497 /* Card.swift in Sources */ = {isa = PBXBuildFile; fileRef = 8A5ED07C29E01D6F009AB497 /* Card.swift */; };
		8A5ED08129E022FE009AB497 /* BinaryInteger+Extensions.swift in Sources */ = {isa = PBXBuildFile; fileRef = 8A5ED08029E022FE009AB497 /* BinaryInteger+Extensions.swift */; };
		8A5ED08329E06418009AB497 /* CardTests.swift in Sources */ = {isa = PBXBuildFile; fileRef = 8A5ED08229E06418009AB497 /* CardTests.swift */; };
		8A5ED08729E067C8009AB497 /* Diamond.swift in Sources */ = {isa = PBXBuildFile; fileRef = 8A5ED08629E067C8009AB497 /* Diamond.swift */; };
		8A5ED08B29E0692D009AB497 /* StripedBackground.swift in Sources */ = {isa = PBXBuildFile; fileRef = 8A5ED08A29E0692D009AB497 /* StripedBackground.swift */; };
		8A5ED08E29E06989009AB497 /* CardBackView.swift in Sources */ = {isa = PBXBuildFile; fileRef = 8A5ED08D29E06989009AB497 /* CardBackView.swift */; };
		8A5ED09029E069F6009AB497 /* CardFaceView.swift in Sources */ = {isa = PBXBuildFile; fileRef = 8A5ED08F29E069F6009AB497 /* CardFaceView.swift */; };
		8A605DC229E06C0D00149E62 /* CardAppearance.swift in Sources */ = {isa = PBXBuildFile; fileRef = 8A605DC129E06C0D00149E62 /* CardAppearance.swift */; };
		8A605DC429E06D0F00149E62 /* CardView.swift in Sources */ = {isa = PBXBuildFile; fileRef = 8A605DC329E06D0F00149E62 /* CardView.swift */; };
		8A605DC629E06E7B00149E62 /* GameControlView.swift in Sources */ = {isa = PBXBuildFile; fileRef = 8A605DC529E06E7B00149E62 /* GameControlView.swift */; };
		8A72663329E96754005FC874 /* Statistic.swift in Sources */ = {isa = PBXBuildFile; fileRef = 8A72663229E96754005FC874 /* Statistic.swift */; };
		8A72663529EAAC26005FC874 /* DeckView.swift in Sources */ = {isa = PBXBuildFile; fileRef = 8A72663429EAAC26005FC874 /* DeckView.swift */; };
		8A72663729EAD1F5005FC874 /* Settings.swift in Sources */ = {isa = PBXBuildFile; fileRef = 8A72663629EAD1F5005FC874 /* Settings.swift */; };
		8A72663929EBF183005FC874 /* GeometryTests.swift in Sources */ = {isa = PBXBuildFile; fileRef = 8A72663829EBF183005FC874 /* GeometryTests.swift */; };
		8A72663B29EC04DB005FC874 /* StatisticTests.swift in Sources */ = {isa = PBXBuildFile; fileRef = 8A72663A29EC04DB005FC874 /* StatisticTests.swift */; };
		8A72663D29EC0830005FC874 /* SettingsTests.swift in Sources */ = {isa = PBXBuildFile; fileRef = 8A72663C29EC0830005FC874 /* SettingsTests.swift */; };
		8A854ABE29EDA2AA002FACAD /* Game.swift in Sources */ = {isa = PBXBuildFile; fileRef = 8A854ABD29EDA2AA002FACAD /* Game.swift */; };
		8AE8F3DC29E453A200EFBB86 /* Constants.swift in Sources */ = {isa = PBXBuildFile; fileRef = 8AE8F3DB29E453A200EFBB86 /* Constants.swift */; };
		8AE8F3DE29E55AFB00EFBB86 /* Geometry.swift in Sources */ = {isa = PBXBuildFile; fileRef = 8AE8F3DD29E55AFB00EFBB86 /* Geometry.swift */; };
/* End PBXBuildFile section */

/* Begin PBXContainerItemProxy section */
		8A5ED05729E0193C009AB497 /* PBXContainerItemProxy */ = {
			isa = PBXContainerItemProxy;
			containerPortal = 8A5ED03E29E0193B009AB497 /* Project object */;
			proxyType = 1;
			remoteGlobalIDString = 8A5ED04529E0193B009AB497;
			remoteInfo = SetGame;
		};
		8A5ED06129E0193C009AB497 /* PBXContainerItemProxy */ = {
			isa = PBXContainerItemProxy;
			containerPortal = 8A5ED03E29E0193B009AB497 /* Project object */;
			proxyType = 1;
			remoteGlobalIDString = 8A5ED04529E0193B009AB497;
			remoteInfo = SetGame;
		};
/* End PBXContainerItemProxy section */

/* Begin PBXFileReference section */
		8A5ED04629E0193B009AB497 /* SetGame.app */ = {isa = PBXFileReference; explicitFileType = wrapper.application; includeInIndex = 0; path = SetGame.app; sourceTree = BUILT_PRODUCTS_DIR; };
		8A5ED04929E0193B009AB497 /* SetGameApp.swift */ = {isa = PBXFileReference; lastKnownFileType = sourcecode.swift; path = SetGameApp.swift; sourceTree = "<group>"; };
		8A5ED04B29E0193B009AB497 /* SetGameDeskView.swift */ = {isa = PBXFileReference; lastKnownFileType = sourcecode.swift; path = SetGameDeskView.swift; sourceTree = "<group>"; };
		8A5ED04D29E0193C009AB497 /* Assets.xcassets */ = {isa = PBXFileReference; lastKnownFileType = folder.assetcatalog; path = Assets.xcassets; sourceTree = "<group>"; };
		8A5ED05029E0193C009AB497 /* Preview Assets.xcassets */ = {isa = PBXFileReference; lastKnownFileType = folder.assetcatalog; path = "Preview Assets.xcassets"; sourceTree = "<group>"; };
		8A5ED05629E0193C009AB497 /* SetGameTests.xctest */ = {isa = PBXFileReference; explicitFileType = wrapper.cfbundle; includeInIndex = 0; path = SetGameTests.xctest; sourceTree = BUILT_PRODUCTS_DIR; };
		8A5ED05A29E0193C009AB497 /* DeckTests.swift */ = {isa = PBXFileReference; lastKnownFileType = sourcecode.swift; path = DeckTests.swift; sourceTree = "<group>"; };
		8A5ED06029E0193C009AB497 /* SetGameUITests.xctest */ = {isa = PBXFileReference; explicitFileType = wrapper.cfbundle; includeInIndex = 0; path = SetGameUITests.xctest; sourceTree = BUILT_PRODUCTS_DIR; };
		8A5ED06429E0193C009AB497 /* SetGameUITests.swift */ = {isa = PBXFileReference; lastKnownFileType = sourcecode.swift; path = SetGameUITests.swift; sourceTree = "<group>"; };
		8A5ED06629E0193C009AB497 /* SetGameUITestsLaunchTests.swift */ = {isa = PBXFileReference; lastKnownFileType = sourcecode.swift; path = SetGameUITestsLaunchTests.swift; sourceTree = "<group>"; };
		8A5ED07429E01A71009AB497 /* Optional+Extensions.swift */ = {isa = PBXFileReference; lastKnownFileType = sourcecode.swift; path = "Optional+Extensions.swift"; sourceTree = "<group>"; };
		8A5ED07A29E01C7B009AB497 /* Deck.swift */ = {isa = PBXFileReference; lastKnownFileType = sourcecode.swift; path = Deck.swift; sourceTree = "<group>"; };
		8A5ED07C29E01D6F009AB497 /* Card.swift */ = {isa = PBXFileReference; lastKnownFileType = sourcecode.swift; path = Card.swift; sourceTree = "<group>"; };
		8A5ED08029E022FE009AB497 /* BinaryInteger+Extensions.swift */ = {isa = PBXFileReference; fileEncoding = 4; lastKnownFileType = sourcecode.swift; path = "BinaryInteger+Extensions.swift"; sourceTree = "<group>"; };
		8A5ED08229E06418009AB497 /* CardTests.swift */ = {isa = PBXFileReference; lastKnownFileType = sourcecode.swift; path = CardTests.swift; sourceTree = "<group>"; };
		8A5ED08629E067C8009AB497 /* Diamond.swift */ = {isa = PBXFileReference; lastKnownFileType = sourcecode.swift; path = Diamond.swift; sourceTree = "<group>"; };
		8A5ED08A29E0692D009AB497 /* StripedBackground.swift */ = {isa = PBXFileReference; lastKnownFileType = sourcecode.swift; path = StripedBackground.swift; sourceTree = "<group>"; };
		8A5ED08D29E06989009AB497 /* CardBackView.swift */ = {isa = PBXFileReference; lastKnownFileType = sourcecode.swift; path = CardBackView.swift; sourceTree = "<group>"; };
		8A5ED08F29E069F6009AB497 /* CardFaceView.swift */ = {isa = PBXFileReference; lastKnownFileType = sourcecode.swift; path = CardFaceView.swift; sourceTree = "<group>"; };
		8A605DC129E06C0D00149E62 /* CardAppearance.swift */ = {isa = PBXFileReference; lastKnownFileType = sourcecode.swift; path = CardAppearance.swift; sourceTree = "<group>"; };
		8A605DC329E06D0F00149E62 /* CardView.swift */ = {isa = PBXFileReference; lastKnownFileType = sourcecode.swift; path = CardView.swift; sourceTree = "<group>"; };
		8A605DC529E06E7B00149E62 /* GameControlView.swift */ = {isa = PBXFileReference; lastKnownFileType = sourcecode.swift; path = GameControlView.swift; sourceTree = "<group>"; };
		8A72663229E96754005FC874 /* Statistic.swift */ = {isa = PBXFileReference; lastKnownFileType = sourcecode.swift; path = Statistic.swift; sourceTree = "<group>"; };
		8A72663429EAAC26005FC874 /* DeckView.swift */ = {isa = PBXFileReference; lastKnownFileType = sourcecode.swift; path = DeckView.swift; sourceTree = "<group>"; };
		8A72663629EAD1F5005FC874 /* Settings.swift */ = {isa = PBXFileReference; lastKnownFileType = sourcecode.swift; path = Settings.swift; sourceTree = "<group>"; };
		8A72663829EBF183005FC874 /* GeometryTests.swift */ = {isa = PBXFileReference; lastKnownFileType = sourcecode.swift; path = GeometryTests.swift; sourceTree = "<group>"; };
		8A72663A29EC04DB005FC874 /* StatisticTests.swift */ = {isa = PBXFileReference; lastKnownFileType = sourcecode.swift; path = StatisticTests.swift; sourceTree = "<group>"; };
		8A72663C29EC0830005FC874 /* SettingsTests.swift */ = {isa = PBXFileReference; lastKnownFileType = sourcecode.swift; path = SettingsTests.swift; sourceTree = "<group>"; };
		8A854ABD29EDA2AA002FACAD /* Game.swift */ = {isa = PBXFileReference; lastKnownFileType = sourcecode.swift; path = Game.swift; sourceTree = "<group>"; };
		8AE8F3DB29E453A200EFBB86 /* Constants.swift */ = {isa = PBXFileReference; lastKnownFileType = sourcecode.swift; path = Constants.swift; sourceTree = "<group>"; };
		8AE8F3DD29E55AFB00EFBB86 /* Geometry.swift */ = {isa = PBXFileReference; lastKnownFileType = sourcecode.swift; path = Geometry.swift; sourceTree = "<group>"; };
/* End PBXFileReference section */

/* Begin PBXFrameworksBuildPhase section */
		8A5ED04329E0193B009AB497 /* Frameworks */ = {
			isa = PBXFrameworksBuildPhase;
			buildActionMask = 2147483647;
			files = (
				8A5ED07829E01B65009AB497 /* ComposableArchitecture in Frameworks */,
			);
			runOnlyForDeploymentPostprocessing = 0;
		};
		8A5ED05329E0193C009AB497 /* Frameworks */ = {
			isa = PBXFrameworksBuildPhase;
			buildActionMask = 2147483647;
			files = (
			);
			runOnlyForDeploymentPostprocessing = 0;
		};
		8A5ED05D29E0193C009AB497 /* Frameworks */ = {
			isa = PBXFrameworksBuildPhase;
			buildActionMask = 2147483647;
			files = (
			);
			runOnlyForDeploymentPostprocessing = 0;
		};
/* End PBXFrameworksBuildPhase section */

/* Begin PBXGroup section */
		8A5ED03D29E0193B009AB497 = {
			isa = PBXGroup;
			children = (
				8A5ED04829E0193B009AB497 /* SetGame */,
				8A5ED05929E0193C009AB497 /* SetGameTests */,
				8A5ED06329E0193C009AB497 /* SetGameUITests */,
				8A5ED04729E0193B009AB497 /* Products */,
			);
			sourceTree = "<group>";
		};
		8A5ED04729E0193B009AB497 /* Products */ = {
			isa = PBXGroup;
			children = (
				8A5ED04629E0193B009AB497 /* SetGame.app */,
				8A5ED05629E0193C009AB497 /* SetGameTests.xctest */,
				8A5ED06029E0193C009AB497 /* SetGameUITests.xctest */,
			);
			name = Products;
			sourceTree = "<group>";
		};
		8A5ED04829E0193B009AB497 /* SetGame */ = {
			isa = PBXGroup;
			children = (
				8A5ED07329E01A3A009AB497 /* Library */,
				8A5ED07929E01C6B009AB497 /* Features */,
				8A5ED08429E06754009AB497 /* Views */,
				8A5ED04929E0193B009AB497 /* SetGameApp.swift */,
				8A5ED04D29E0193C009AB497 /* Assets.xcassets */,
				8A5ED04F29E0193C009AB497 /* Preview Content */,
			);
			path = SetGame;
			sourceTree = "<group>";
		};
		8A5ED04F29E0193C009AB497 /* Preview Content */ = {
			isa = PBXGroup;
			children = (
				8A5ED05029E0193C009AB497 /* Preview Assets.xcassets */,
			);
			path = "Preview Content";
			sourceTree = "<group>";
		};
		8A5ED05929E0193C009AB497 /* SetGameTests */ = {
			isa = PBXGroup;
			children = (
				8A5ED05A29E0193C009AB497 /* DeckTests.swift */,
				8A5ED08229E06418009AB497 /* CardTests.swift */,
				8A72663829EBF183005FC874 /* GeometryTests.swift */,
				8A72663A29EC04DB005FC874 /* StatisticTests.swift */,
				8A72663C29EC0830005FC874 /* SettingsTests.swift */,
			);
			path = SetGameTests;
			sourceTree = "<group>";
		};
		8A5ED06329E0193C009AB497 /* SetGameUITests */ = {
			isa = PBXGroup;
			children = (
				8A5ED06429E0193C009AB497 /* SetGameUITests.swift */,
				8A5ED06629E0193C009AB497 /* SetGameUITestsLaunchTests.swift */,
			);
			path = SetGameUITests;
			sourceTree = "<group>";
		};
		8A5ED07329E01A3A009AB497 /* Library */ = {
			isa = PBXGroup;
			children = (
				8A5ED07429E01A71009AB497 /* Optional+Extensions.swift */,
				8A5ED08029E022FE009AB497 /* BinaryInteger+Extensions.swift */,
			);
			path = Library;
			sourceTree = "<group>";
		};
		8A5ED07929E01C6B009AB497 /* Features */ = {
			isa = PBXGroup;
			children = (
				8A854ABD29EDA2AA002FACAD /* Game.swift */,
				8A5ED07A29E01C7B009AB497 /* Deck.swift */,
				8A5ED07C29E01D6F009AB497 /* Card.swift */,
				8AE8F3DD29E55AFB00EFBB86 /* Geometry.swift */,
				8A72663229E96754005FC874 /* Statistic.swift */,
				8A72663629EAD1F5005FC874 /* Settings.swift */,
				8AE8F3DB29E453A200EFBB86 /* Constants.swift */,
			);
			path = Features;
			sourceTree = "<group>";
		};
		8A5ED08429E06754009AB497 /* Views */ = {
			isa = PBXGroup;
			children = (
				8A5ED08529E067B7009AB497 /* Shapes */,
				8A5ED08C29E06951009AB497 /* Card */,
				8A5ED04B29E0193B009AB497 /* SetGameDeskView.swift */,
				8A605DC529E06E7B00149E62 /* GameControlView.swift */,
				8A72663429EAAC26005FC874 /* DeckView.swift */,
			);
			path = Views;
			sourceTree = "<group>";
		};
		8A5ED08529E067B7009AB497 /* Shapes */ = {
			isa = PBXGroup;
			children = (
				8A5ED08629E067C8009AB497 /* Diamond.swift */,
				8A5ED08A29E0692D009AB497 /* StripedBackground.swift */,
			);
			path = Shapes;
			sourceTree = "<group>";
		};
		8A5ED08C29E06951009AB497 /* Card */ = {
			isa = PBXGroup;
			children = (
				8A605DC329E06D0F00149E62 /* CardView.swift */,
				8A605DC129E06C0D00149E62 /* CardAppearance.swift */,
				8A5ED08F29E069F6009AB497 /* CardFaceView.swift */,
				8A5ED08D29E06989009AB497 /* CardBackView.swift */,
			);
			path = Card;
			sourceTree = "<group>";
		};
/* End PBXGroup section */

/* Begin PBXNativeTarget section */
		8A5ED04529E0193B009AB497 /* SetGame */ = {
			isa = PBXNativeTarget;
			buildConfigurationList = 8A5ED06A29E0193C009AB497 /* Build configuration list for PBXNativeTarget "SetGame" */;
			buildPhases = (
				8A5ED04229E0193B009AB497 /* Sources */,
				8A5ED04329E0193B009AB497 /* Frameworks */,
				8A5ED04429E0193B009AB497 /* Resources */,
			);
			buildRules = (
			);
			dependencies = (
			);
			name = SetGame;
			packageProductDependencies = (
				8A5ED07729E01B65009AB497 /* ComposableArchitecture */,
			);
			productName = SetGame;
			productReference = 8A5ED04629E0193B009AB497 /* SetGame.app */;
			productType = "com.apple.product-type.application";
		};
		8A5ED05529E0193C009AB497 /* SetGameTests */ = {
			isa = PBXNativeTarget;
			buildConfigurationList = 8A5ED06D29E0193C009AB497 /* Build configuration list for PBXNativeTarget "SetGameTests" */;
			buildPhases = (
				8A5ED05229E0193C009AB497 /* Sources */,
				8A5ED05329E0193C009AB497 /* Frameworks */,
				8A5ED05429E0193C009AB497 /* Resources */,
			);
			buildRules = (
			);
			dependencies = (
				8A5ED05829E0193C009AB497 /* PBXTargetDependency */,
			);
			name = SetGameTests;
			productName = SetGameTests;
			productReference = 8A5ED05629E0193C009AB497 /* SetGameTests.xctest */;
			productType = "com.apple.product-type.bundle.unit-test";
		};
		8A5ED05F29E0193C009AB497 /* SetGameUITests */ = {
			isa = PBXNativeTarget;
			buildConfigurationList = 8A5ED07029E0193C009AB497 /* Build configuration list for PBXNativeTarget "SetGameUITests" */;
			buildPhases = (
				8A5ED05C29E0193C009AB497 /* Sources */,
				8A5ED05D29E0193C009AB497 /* Frameworks */,
				8A5ED05E29E0193C009AB497 /* Resources */,
			);
			buildRules = (
			);
			dependencies = (
				8A5ED06229E0193C009AB497 /* PBXTargetDependency */,
			);
			name = SetGameUITests;
			productName = SetGameUITests;
			productReference = 8A5ED06029E0193C009AB497 /* SetGameUITests.xctest */;
			productType = "com.apple.product-type.bundle.ui-testing";
		};
/* End PBXNativeTarget section */

/* Begin PBXProject section */
		8A5ED03E29E0193B009AB497 /* Project object */ = {
			isa = PBXProject;
			attributes = {
				BuildIndependentTargetsInParallel = 1;
				LastSwiftUpdateCheck = 1420;
				LastUpgradeCheck = 1420;
				TargetAttributes = {
					8A5ED04529E0193B009AB497 = {
						CreatedOnToolsVersion = 14.2;
					};
					8A5ED05529E0193C009AB497 = {
						CreatedOnToolsVersion = 14.2;
						TestTargetID = 8A5ED04529E0193B009AB497;
					};
					8A5ED05F29E0193C009AB497 = {
						CreatedOnToolsVersion = 14.2;
						TestTargetID = 8A5ED04529E0193B009AB497;
					};
				};
			};
			buildConfigurationList = 8A5ED04129E0193B009AB497 /* Build configuration list for PBXProject "SetGame" */;
			compatibilityVersion = "Xcode 14.0";
			developmentRegion = en;
			hasScannedForEncodings = 0;
			knownRegions = (
				en,
				Base,
			);
			mainGroup = 8A5ED03D29E0193B009AB497;
			packageReferences = (
				8A5ED07629E01B65009AB497 /* XCRemoteSwiftPackageReference "swift-composable-architecture" */,
			);
			productRefGroup = 8A5ED04729E0193B009AB497 /* Products */;
			projectDirPath = "";
			projectRoot = "";
			targets = (
				8A5ED04529E0193B009AB497 /* SetGame */,
				8A5ED05529E0193C009AB497 /* SetGameTests */,
				8A5ED05F29E0193C009AB497 /* SetGameUITests */,
			);
		};
/* End PBXProject section */

/* Begin PBXResourcesBuildPhase section */
		8A5ED04429E0193B009AB497 /* Resources */ = {
			isa = PBXResourcesBuildPhase;
			buildActionMask = 2147483647;
			files = (
				8A5ED05129E0193C009AB497 /* Preview Assets.xcassets in Resources */,
				8A5ED04E29E0193C009AB497 /* Assets.xcassets in Resources */,
			);
			runOnlyForDeploymentPostprocessing = 0;
		};
		8A5ED05429E0193C009AB497 /* Resources */ = {
			isa = PBXResourcesBuildPhase;
			buildActionMask = 2147483647;
			files = (
			);
			runOnlyForDeploymentPostprocessing = 0;
		};
		8A5ED05E29E0193C009AB497 /* Resources */ = {
			isa = PBXResourcesBuildPhase;
			buildActionMask = 2147483647;
			files = (
			);
			runOnlyForDeploymentPostprocessing = 0;
		};
/* End PBXResourcesBuildPhase section */

/* Begin PBXSourcesBuildPhase section */
		8A5ED04229E0193B009AB497 /* Sources */ = {
			isa = PBXSourcesBuildPhase;
			buildActionMask = 2147483647;
			files = (
				8A72663329E96754005FC874 /* Statistic.swift in Sources */,
				8A5ED07B29E01C7B009AB497 /* Deck.swift in Sources */,
				8A5ED08E29E06989009AB497 /* CardBackView.swift in Sources */,
				8A5ED09029E069F6009AB497 /* CardFaceView.swift in Sources */,
				8A605DC629E06E7B00149E62 /* GameControlView.swift in Sources */,
				8A72663529EAAC26005FC874 /* DeckView.swift in Sources */,
				8A5ED04C29E0193B009AB497 /* SetGameDeskView.swift in Sources */,
				8AE8F3DE29E55AFB00EFBB86 /* Geometry.swift in Sources */,
				8AE8F3DC29E453A200EFBB86 /* Constants.swift in Sources */,
				8A5ED08B29E0692D009AB497 /* StripedBackground.swift in Sources */,
				8A605DC229E06C0D00149E62 /* CardAppearance.swift in Sources */,
				8A854ABE29EDA2AA002FACAD /* Game.swift in Sources */,
				8A5ED07D29E01D6F009AB497 /* Card.swift in Sources */,
				8A605DC429E06D0F00149E62 /* CardView.swift in Sources */,
				8A5ED07529E01A71009AB497 /* Optional+Extensions.swift in Sources */,
				8A5ED08729E067C8009AB497 /* Diamond.swift in Sources */,
				8A5ED08129E022FE009AB497 /* BinaryInteger+Extensions.swift in Sources */,
				8A5ED04A29E0193B009AB497 /* SetGameApp.swift in Sources */,
				8A72663729EAD1F5005FC874 /* Settings.swift in Sources */,
			);
			runOnlyForDeploymentPostprocessing = 0;
		};
		8A5ED05229E0193C009AB497 /* Sources */ = {
			isa = PBXSourcesBuildPhase;
			buildActionMask = 2147483647;
			files = (
				8A5ED05B29E0193C009AB497 /* DeckTests.swift in Sources */,
				8A72663929EBF183005FC874 /* GeometryTests.swift in Sources */,
				8A72663B29EC04DB005FC874 /* StatisticTests.swift in Sources */,
				8A72663D29EC0830005FC874 /* SettingsTests.swift in Sources */,
				8A5ED08329E06418009AB497 /* CardTests.swift in Sources */,
			);
			runOnlyForDeploymentPostprocessing = 0;
		};
		8A5ED05C29E0193C009AB497 /* Sources */ = {
			isa = PBXSourcesBuildPhase;
			buildActionMask = 2147483647;
			files = (
				8A5ED06529E0193C009AB497 /* SetGameUITests.swift in Sources */,
				8A5ED06729E0193C009AB497 /* SetGameUITestsLaunchTests.swift in Sources */,
			);
			runOnlyForDeploymentPostprocessing = 0;
		};
/* End PBXSourcesBuildPhase section */

/* Begin PBXTargetDependency section */
		8A5ED05829E0193C009AB497 /* PBXTargetDependency */ = {
			isa = PBXTargetDependency;
			target = 8A5ED04529E0193B009AB497 /* SetGame */;
			targetProxy = 8A5ED05729E0193C009AB497 /* PBXContainerItemProxy */;
		};
		8A5ED06229E0193C009AB497 /* PBXTargetDependency */ = {
			isa = PBXTargetDependency;
			target = 8A5ED04529E0193B009AB497 /* SetGame */;
			targetProxy = 8A5ED06129E0193C009AB497 /* PBXContainerItemProxy */;
		};
/* End PBXTargetDependency section */

/* Begin XCBuildConfiguration section */
		8A5ED06829E0193C009AB497 /* Debug */ = {
			isa = XCBuildConfiguration;
			buildSettings = {
				ALWAYS_SEARCH_USER_PATHS = NO;
				CLANG_ANALYZER_NONNULL = YES;
				CLANG_ANALYZER_NUMBER_OBJECT_CONVERSION = YES_AGGRESSIVE;
				CLANG_CXX_LANGUAGE_STANDARD = "gnu++20";
				CLANG_ENABLE_MODULES = YES;
				CLANG_ENABLE_OBJC_ARC = YES;
				CLANG_ENABLE_OBJC_WEAK = YES;
				CLANG_WARN_BLOCK_CAPTURE_AUTORELEASING = YES;
				CLANG_WARN_BOOL_CONVERSION = YES;
				CLANG_WARN_COMMA = YES;
				CLANG_WARN_CONSTANT_CONVERSION = YES;
				CLANG_WARN_DEPRECATED_OBJC_IMPLEMENTATIONS = YES;
				CLANG_WARN_DIRECT_OBJC_ISA_USAGE = YES_ERROR;
				CLANG_WARN_DOCUMENTATION_COMMENTS = YES;
				CLANG_WARN_EMPTY_BODY = YES;
				CLANG_WARN_ENUM_CONVERSION = YES;
				CLANG_WARN_INFINITE_RECURSION = YES;
				CLANG_WARN_INT_CONVERSION = YES;
				CLANG_WARN_NON_LITERAL_NULL_CONVERSION = YES;
				CLANG_WARN_OBJC_IMPLICIT_RETAIN_SELF = YES;
				CLANG_WARN_OBJC_LITERAL_CONVERSION = YES;
				CLANG_WARN_OBJC_ROOT_CLASS = YES_ERROR;
				CLANG_WARN_QUOTED_INCLUDE_IN_FRAMEWORK_HEADER = YES;
				CLANG_WARN_RANGE_LOOP_ANALYSIS = YES;
				CLANG_WARN_STRICT_PROTOTYPES = YES;
				CLANG_WARN_SUSPICIOUS_MOVE = YES;
				CLANG_WARN_UNGUARDED_AVAILABILITY = YES_AGGRESSIVE;
				CLANG_WARN_UNREACHABLE_CODE = YES;
				CLANG_WARN__DUPLICATE_METHOD_MATCH = YES;
				COPY_PHASE_STRIP = NO;
				DEBUG_INFORMATION_FORMAT = dwarf;
				ENABLE_STRICT_OBJC_MSGSEND = YES;
				ENABLE_TESTABILITY = YES;
				GCC_C_LANGUAGE_STANDARD = gnu11;
				GCC_DYNAMIC_NO_PIC = NO;
				GCC_NO_COMMON_BLOCKS = YES;
				GCC_OPTIMIZATION_LEVEL = 0;
				GCC_PREPROCESSOR_DEFINITIONS = (
					"DEBUG=1",
					"$(inherited)",
				);
				GCC_WARN_64_TO_32_BIT_CONVERSION = YES;
				GCC_WARN_ABOUT_RETURN_TYPE = YES_ERROR;
				GCC_WARN_UNDECLARED_SELECTOR = YES;
				GCC_WARN_UNINITIALIZED_AUTOS = YES_AGGRESSIVE;
				GCC_WARN_UNUSED_FUNCTION = YES;
				GCC_WARN_UNUSED_VARIABLE = YES;
				IPHONEOS_DEPLOYMENT_TARGET = 16.2;
				MTL_ENABLE_DEBUG_INFO = INCLUDE_SOURCE;
				MTL_FAST_MATH = YES;
				ONLY_ACTIVE_ARCH = YES;
				SDKROOT = iphoneos;
				SWIFT_ACTIVE_COMPILATION_CONDITIONS = DEBUG;
				SWIFT_OPTIMIZATION_LEVEL = "-Onone";
			};
			name = Debug;
		};
		8A5ED06929E0193C009AB497 /* Release */ = {
			isa = XCBuildConfiguration;
			buildSettings = {
				ALWAYS_SEARCH_USER_PATHS = NO;
				CLANG_ANALYZER_NONNULL = YES;
				CLANG_ANALYZER_NUMBER_OBJECT_CONVERSION = YES_AGGRESSIVE;
				CLANG_CXX_LANGUAGE_STANDARD = "gnu++20";
				CLANG_ENABLE_MODULES = YES;
				CLANG_ENABLE_OBJC_ARC = YES;
				CLANG_ENABLE_OBJC_WEAK = YES;
				CLANG_WARN_BLOCK_CAPTURE_AUTORELEASING = YES;
				CLANG_WARN_BOOL_CONVERSION = YES;
				CLANG_WARN_COMMA = YES;
				CLANG_WARN_CONSTANT_CONVERSION = YES;
				CLANG_WARN_DEPRECATED_OBJC_IMPLEMENTATIONS = YES;
				CLANG_WARN_DIRECT_OBJC_ISA_USAGE = YES_ERROR;
				CLANG_WARN_DOCUMENTATION_COMMENTS = YES;
				CLANG_WARN_EMPTY_BODY = YES;
				CLANG_WARN_ENUM_CONVERSION = YES;
				CLANG_WARN_INFINITE_RECURSION = YES;
				CLANG_WARN_INT_CONVERSION = YES;
				CLANG_WARN_NON_LITERAL_NULL_CONVERSION = YES;
				CLANG_WARN_OBJC_IMPLICIT_RETAIN_SELF = YES;
				CLANG_WARN_OBJC_LITERAL_CONVERSION = YES;
				CLANG_WARN_OBJC_ROOT_CLASS = YES_ERROR;
				CLANG_WARN_QUOTED_INCLUDE_IN_FRAMEWORK_HEADER = YES;
				CLANG_WARN_RANGE_LOOP_ANALYSIS = YES;
				CLANG_WARN_STRICT_PROTOTYPES = YES;
				CLANG_WARN_SUSPICIOUS_MOVE = YES;
				CLANG_WARN_UNGUARDED_AVAILABILITY = YES_AGGRESSIVE;
				CLANG_WARN_UNREACHABLE_CODE = YES;
				CLANG_WARN__DUPLICATE_METHOD_MATCH = YES;
				COPY_PHASE_STRIP = NO;
				DEBUG_INFORMATION_FORMAT = "dwarf-with-dsym";
				ENABLE_NS_ASSERTIONS = NO;
				ENABLE_STRICT_OBJC_MSGSEND = YES;
				GCC_C_LANGUAGE_STANDARD = gnu11;
				GCC_NO_COMMON_BLOCKS = YES;
				GCC_WARN_64_TO_32_BIT_CONVERSION = YES;
				GCC_WARN_ABOUT_RETURN_TYPE = YES_ERROR;
				GCC_WARN_UNDECLARED_SELECTOR = YES;
				GCC_WARN_UNINITIALIZED_AUTOS = YES_AGGRESSIVE;
				GCC_WARN_UNUSED_FUNCTION = YES;
				GCC_WARN_UNUSED_VARIABLE = YES;
				IPHONEOS_DEPLOYMENT_TARGET = 16.2;
				MTL_ENABLE_DEBUG_INFO = NO;
				MTL_FAST_MATH = YES;
				SDKROOT = iphoneos;
				SWIFT_COMPILATION_MODE = wholemodule;
				SWIFT_OPTIMIZATION_LEVEL = "-O";
				VALIDATE_PRODUCT = YES;
			};
			name = Release;
		};
		8A5ED06B29E0193C009AB497 /* Debug */ = {
			isa = XCBuildConfiguration;
			buildSettings = {
				ASSETCATALOG_COMPILER_APPICON_NAME = AppIcon;
				ASSETCATALOG_COMPILER_GLOBAL_ACCENT_COLOR_NAME = AccentColor;
				CODE_SIGN_STYLE = Automatic;
				CURRENT_PROJECT_VERSION = 1;
				DEVELOPMENT_ASSET_PATHS = "\"SetGame/Preview Content\"";
				DEVELOPMENT_TEAM = FWP6H8H8UZ;
				ENABLE_PREVIEWS = YES;
				GENERATE_INFOPLIST_FILE = YES;
				INFOPLIST_KEY_UIApplicationSceneManifest_Generation = YES;
				INFOPLIST_KEY_UIApplicationSupportsIndirectInputEvents = YES;
				INFOPLIST_KEY_UILaunchScreen_Generation = YES;
				INFOPLIST_KEY_UISupportedInterfaceOrientations_iPad = "UIInterfaceOrientationPortrait UIInterfaceOrientationPortraitUpsideDown UIInterfaceOrientationLandscapeLeft UIInterfaceOrientationLandscapeRight";
				INFOPLIST_KEY_UISupportedInterfaceOrientations_iPhone = "UIInterfaceOrientationPortrait UIInterfaceOrientationLandscapeLeft UIInterfaceOrientationLandscapeRight";
				LD_RUNPATH_SEARCH_PATHS = (
					"$(inherited)",
					"@executable_path/Frameworks",
				);
				MARKETING_VERSION = 1.0;
				PRODUCT_BUNDLE_IDENTIFIER = com.pilotns.SetGame;
				PRODUCT_NAME = "$(TARGET_NAME)";
				SWIFT_EMIT_LOC_STRINGS = YES;
				SWIFT_VERSION = 5.0;
				TARGETED_DEVICE_FAMILY = "1,2";
			};
			name = Debug;
		};
		8A5ED06C29E0193C009AB497 /* Release */ = {
			isa = XCBuildConfiguration;
			buildSettings = {
				ASSETCATALOG_COMPILER_APPICON_NAME = AppIcon;
				ASSETCATALOG_COMPILER_GLOBAL_ACCENT_COLOR_NAME = AccentColor;
				CODE_SIGN_STYLE = Automatic;
				CURRENT_PROJECT_VERSION = 1;
				DEVELOPMENT_ASSET_PATHS = "\"SetGame/Preview Content\"";
				DEVELOPMENT_TEAM = FWP6H8H8UZ;
				ENABLE_PREVIEWS = YES;
				GENERATE_INFOPLIST_FILE = YES;
				INFOPLIST_KEY_UIApplicationSceneManifest_Generation = YES;
				INFOPLIST_KEY_UIApplicationSupportsIndirectInputEvents = YES;
				INFOPLIST_KEY_UILaunchScreen_Generation = YES;
				INFOPLIST_KEY_UISupportedInterfaceOrientations_iPad = "UIInterfaceOrientationPortrait UIInterfaceOrientationPortraitUpsideDown UIInterfaceOrientationLandscapeLeft UIInterfaceOrientationLandscapeRight";
				INFOPLIST_KEY_UISupportedInterfaceOrientations_iPhone = "UIInterfaceOrientationPortrait UIInterfaceOrientationLandscapeLeft UIInterfaceOrientationLandscapeRight";
				LD_RUNPATH_SEARCH_PATHS = (
					"$(inherited)",
					"@executable_path/Frameworks",
				);
				MARKETING_VERSION = 1.0;
				PRODUCT_BUNDLE_IDENTIFIER = com.pilotns.SetGame;
				PRODUCT_NAME = "$(TARGET_NAME)";
				SWIFT_EMIT_LOC_STRINGS = YES;
				SWIFT_VERSION = 5.0;
				TARGETED_DEVICE_FAMILY = "1,2";
			};
			name = Release;
		};
		8A5ED06E29E0193C009AB497 /* Debug */ = {
			isa = XCBuildConfiguration;
			buildSettings = {
				ALWAYS_EMBED_SWIFT_STANDARD_LIBRARIES = YES;
				BUNDLE_LOADER = "$(TEST_HOST)";
				CODE_SIGN_STYLE = Automatic;
				CURRENT_PROJECT_VERSION = 1;
				DEVELOPMENT_TEAM = FWP6H8H8UZ;
				GENERATE_INFOPLIST_FILE = YES;
				IPHONEOS_DEPLOYMENT_TARGET = 16.2;
				MARKETING_VERSION = 1.0;
				PRODUCT_BUNDLE_IDENTIFIER = com.pilotns.SetGameTests;
				PRODUCT_NAME = "$(TARGET_NAME)";
				SWIFT_EMIT_LOC_STRINGS = NO;
				SWIFT_VERSION = 5.0;
				TARGETED_DEVICE_FAMILY = "1,2";
				TEST_HOST = "$(BUILT_PRODUCTS_DIR)/SetGame.app/$(BUNDLE_EXECUTABLE_FOLDER_PATH)/SetGame";
			};
			name = Debug;
		};
		8A5ED06F29E0193C009AB497 /* Release */ = {
			isa = XCBuildConfiguration;
			buildSettings = {
				ALWAYS_EMBED_SWIFT_STANDARD_LIBRARIES = YES;
				BUNDLE_LOADER = "$(TEST_HOST)";
				CODE_SIGN_STYLE = Automatic;
				CURRENT_PROJECT_VERSION = 1;
				DEVELOPMENT_TEAM = FWP6H8H8UZ;
				GENERATE_INFOPLIST_FILE = YES;
				IPHONEOS_DEPLOYMENT_TARGET = 16.2;
				MARKETING_VERSION = 1.0;
				PRODUCT_BUNDLE_IDENTIFIER = com.pilotns.SetGameTests;
				PRODUCT_NAME = "$(TARGET_NAME)";
				SWIFT_EMIT_LOC_STRINGS = NO;
				SWIFT_VERSION = 5.0;
				TARGETED_DEVICE_FAMILY = "1,2";
				TEST_HOST = "$(BUILT_PRODUCTS_DIR)/SetGame.app/$(BUNDLE_EXECUTABLE_FOLDER_PATH)/SetGame";
			};
			name = Release;
		};
		8A5ED07129E0193C009AB497 /* Debug */ = {
			isa = XCBuildConfiguration;
			buildSettings = {
				ALWAYS_EMBED_SWIFT_STANDARD_LIBRARIES = YES;
				CODE_SIGN_STYLE = Automatic;
				CURRENT_PROJECT_VERSION = 1;
				DEVELOPMENT_TEAM = FWP6H8H8UZ;
				GENERATE_INFOPLIST_FILE = YES;
				MARKETING_VERSION = 1.0;
				PRODUCT_BUNDLE_IDENTIFIER = com.pilotns.SetGameUITests;
				PRODUCT_NAME = "$(TARGET_NAME)";
				SWIFT_EMIT_LOC_STRINGS = NO;
				SWIFT_VERSION = 5.0;
				TARGETED_DEVICE_FAMILY = "1,2";
				TEST_TARGET_NAME = SetGame;
			};
			name = Debug;
		};
		8A5ED07229E0193C009AB497 /* Release */ = {
			isa = XCBuildConfiguration;
			buildSettings = {
				ALWAYS_EMBED_SWIFT_STANDARD_LIBRARIES = YES;
				CODE_SIGN_STYLE = Automatic;
				CURRENT_PROJECT_VERSION = 1;
				DEVELOPMENT_TEAM = FWP6H8H8UZ;
				GENERATE_INFOPLIST_FILE = YES;
				MARKETING_VERSION = 1.0;
				PRODUCT_BUNDLE_IDENTIFIER = com.pilotns.SetGameUITests;
				PRODUCT_NAME = "$(TARGET_NAME)";
				SWIFT_EMIT_LOC_STRINGS = NO;
				SWIFT_VERSION = 5.0;
				TARGETED_DEVICE_FAMILY = "1,2";
				TEST_TARGET_NAME = SetGame;
			};
			name = Release;
		};
/* End XCBuildConfiguration section */

/* Begin XCConfigurationList section */
		8A5ED04129E0193B009AB497 /* Build configuration list for PBXProject "SetGame" */ = {
			isa = XCConfigurationList;
			buildConfigurations = (
				8A5ED06829E0193C009AB497 /* Debug */,
				8A5ED06929E0193C009AB497 /* Release */,
			);
			defaultConfigurationIsVisible = 0;
			defaultConfigurationName = Release;
		};
		8A5ED06A29E0193C009AB497 /* Build configuration list for PBXNativeTarget "SetGame" */ = {
			isa = XCConfigurationList;
			buildConfigurations = (
				8A5ED06B29E0193C009AB497 /* Debug */,
				8A5ED06C29E0193C009AB497 /* Release */,
			);
			defaultConfigurationIsVisible = 0;
			defaultConfigurationName = Release;
		};
		8A5ED06D29E0193C009AB497 /* Build configuration list for PBXNativeTarget "SetGameTests" */ = {
			isa = XCConfigurationList;
			buildConfigurations = (
				8A5ED06E29E0193C009AB497 /* Debug */,
				8A5ED06F29E0193C009AB497 /* Release */,
			);
			defaultConfigurationIsVisible = 0;
			defaultConfigurationName = Release;
		};
		8A5ED07029E0193C009AB497 /* Build configuration list for PBXNativeTarget "SetGameUITests" */ = {
			isa = XCConfigurationList;
			buildConfigurations = (
				8A5ED07129E0193C009AB497 /* Debug */,
				8A5ED07229E0193C009AB497 /* Release */,
			);
			defaultConfigurationIsVisible = 0;
			defaultConfigurationName = Release;
		};
/* End XCConfigurationList section */

/* Begin XCRemoteSwiftPackageReference section */
		8A5ED07629E01B65009AB497 /* XCRemoteSwiftPackageReference "swift-composable-architecture" */ = {
			isa = XCRemoteSwiftPackageReference;
			repositoryURL = "https://github.com/pointfreeco/swift-composable-architecture";
			requirement = {
				branch = prerelease/1.0;
				kind = branch;
			};
		};
/* End XCRemoteSwiftPackageReference section */

/* Begin XCSwiftPackageProductDependency section */
		8A5ED07729E01B65009AB497 /* ComposableArchitecture */ = {
			isa = XCSwiftPackageProductDependency;
			package = 8A5ED07629E01B65009AB497 /* XCRemoteSwiftPackageReference "swift-composable-architecture" */;
			productName = ComposableArchitecture;
		};
/* End XCSwiftPackageProductDependency section */
	};
	rootObject = 8A5ED03E29E0193B009AB497 /* Project object */;
}
